
Microsoft Visual Studio Solution File, Format Version 12.00
# Visual Studio 14
VisualStudioVersion = 14.0.25123.0
MinimumVisualStudioVersion = 10.0.40219.1
Project("{FAE04EC0-301F-11D3-BF4B-00C04F79EFBC}") = "WebApplication1", "WebApplication1\WebApplication1.csproj", "{DF63F0DF-FB55-46EE-A457-2A29330D018F}"
EndProject
Project("{FAE04EC0-301F-11D3-BF4B-00C04F79EFBC}") = "WebApplication2", "WebApplication2\WebApplication2.csproj", "{E389F2E8-F843-4E85-A494-4E93684C0E40}"
EndProject
Project("{FAE04EC0-301F-11D3-BF4B-00C04F79EFBC}") = "UnitTestProject", "UnitTestProject\UnitTestProject.csproj", "{94EC656A-DECD-4139-B8F4-29E7AF720ED9}"
EndProject
Global
	GlobalSection(SolutionConfigurationPlatforms) = preSolution
		Debug|Any CPU = Debug|Any CPU
		Release|Any CPU = Release|Any CPU
	EndGlobalSection
	GlobalSection(ProjectConfigurationPlatforms) = postSolution
		{DF63F0DF-FB55-46EE-A457-2A29330D018F}.Debug|Any CPU.ActiveCfg = Debug|Any CPU
		{DF63F0DF-FB55-46EE-A457-2A29330D018F}.Debug|Any CPU.Build.0 = Debug|Any CPU
		{DF63F0DF-FB55-46EE-A457-2A29330D018F}.Release|Any CPU.ActiveCfg = Release|Any CPU
		{DF63F0DF-FB55-46EE-A457-2A29330D018F}.Release|Any CPU.Build.0 = Release|Any CPU
		{E389F2E8-F843-4E85-A494-4E93684C0E40}.Debug|Any CPU.ActiveCfg = Debug|Any CPU
		{E389F2E8-F843-4E85-A494-4E93684C0E40}.Debug|Any CPU.Build.0 = Debug|Any CPU
		{E389F2E8-F843-4E85-A494-4E93684C0E40}.Release|Any CPU.ActiveCfg = Release|Any CPU
		{E389F2E8-F843-4E85-A494-4E93684C0E40}.Release|Any CPU.Build.0 = Release|Any CPU
		{94EC656A-DECD-4139-B8F4-29E7AF720ED9}.Debug|Any CPU.ActiveCfg = Debug|Any CPU
		{94EC656A-DECD-4139-B8F4-29E7AF720ED9}.Debug|Any CPU.Build.0 = Debug|Any CPU
		{94EC656A-DECD-4139-B8F4-29E7AF720ED9}.Release|Any CPU.ActiveCfg = Release|Any CPU
		{94EC656A-DECD-4139-B8F4-29E7AF720ED9}.Release|Any CPU.Build.0 = Release|Any CPU
	EndGlobalSection
	GlobalSection(SolutionProperties) = preSolution
		HideSolutionNode = FALSE
	EndGlobalSection
EndGlobal
